
Microsoft Visual Studio Solution File, Format Version 12.00
# Visual Studio Version 16
VisualStudioVersion = 16.0.30523.141
MinimumVisualStudioVersion = 10.0.40219.1
Project("{FAE04EC0-301F-11D3-BF4B-00C04F79EFBC}") = "WP_20201022", "WP_20201022\WP_20201022.csproj", "{1A900046-C8F5-4D96-BD60-623A8AA0D688}"
EndProject
Global
	GlobalSection(SolutionConfigurationPlatforms) = preSolution
		Debug|Any CPU = Debug|Any CPU
		Release|Any CPU = Release|Any CPU
	EndGlobalSection
	GlobalSection(ProjectConfigurationPlatforms) = postSolution
		{1A900046-C8F5-4D96-BD60-623A8AA0D688}.Debug|Any CPU.ActiveCfg = Debug|Any CPU
		{1A900046-C8F5-4D96-BD60-623A8AA0D688}.Debug|Any CPU.Build.0 = Debug|Any CPU
		{1A900046-C8F5-4D96-BD60-623A8AA0D688}.Release|Any CPU.ActiveCfg = Release|Any CPU
		{1A900046-C8F5-4D96-BD60-623A8AA0D688}.Release|Any CPU.Build.0 = Release|Any CPU
	EndGlobalSection
	GlobalSection(SolutionProperties) = preSolution
		HideSolutionNode = FALSE
	EndGlobalSection
	GlobalSection(ExtensibilityGlobals) = postSolution
		SolutionGuid = {682203A2-FF64-44E4-94B2-DC19B3BC8AE3}
	EndGlobalSection
EndGlobal
